
Microsoft Visual Studio Solution File, Format Version 12.00
# Visual Studio Version 17
VisualStudioVersion = 17.5.33424.131
MinimumVisualStudioVersion = 10.0.40219.1
Project("{FAE04EC0-301F-11D3-BF4B-00C04F79EFBC}") = "PictureViewer", "PictureViewer\PictureViewer.csproj", "{B570573F-B69B-499A-BC35-2D0822CA8E4E}"
EndProject
Global
	GlobalSection(SolutionConfigurationPlatforms) = preSolution
		Debug|Any CPU = Debug|Any CPU
		Release|Any CPU = Release|Any CPU
	EndGlobalSection
	GlobalSection(ProjectConfigurationPlatforms) = postSolution
		{B570573F-B69B-499A-BC35-2D0822CA8E4E}.Debug|Any CPU.ActiveCfg = Debug|Any CPU
		{B570573F-B69B-499A-BC35-2D0822CA8E4E}.Debug|Any CPU.Build.0 = Debug|Any CPU
		{B570573F-B69B-499A-BC35-2D0822CA8E4E}.Release|Any CPU.ActiveCfg = Release|Any CPU
		{B570573F-B69B-499A-BC35-2D0822CA8E4E}.Release|Any CPU.Build.0 = Release|Any CPU
	EndGlobalSection
	GlobalSection(SolutionProperties) = preSolution
		HideSolutionNode = FALSE
	EndGlobalSection
	GlobalSection(ExtensibilityGlobals) = postSolution
		SolutionGuid = {61CD1B1B-160D-4B7B-B8B5-54287D76130F}
	EndGlobalSection
EndGlobal
